version = 1
revision = 3
requires-python = ">=3.10, <3.11"

[manifest]
requirements = [
    { name = "matplotlib", specifier = "==3.8.0" },
    { name = "numpy", specifier = "==1.23.0" },
    { name = "pytest", specifier = "==9.0.3" },
]

[[package]]
name = "colorama"
version = "0.4.6"
source = { registry = "https://pypi.org/simple" }
sdist = { url = "https://files.pythonhosted.org/packages/d8/53/6f443c9a4a8358a93a6792e2acffb9d9d5cb0a5cfd8802644b7b1c9a02e4/colorama-0.4.6.tar.gz", hash = "sha256:08695f5cb7ed6e0531a20572697297273c47b8cae5a63ffc6d6ed5c201be6e44", size = 27697, upload-time = "2022-10-25T02:36:22.414Z" }
wheels = [
    { url = "https://files.pythonhosted.org/packages/d1/d6/3965ed04c63042e047cb6a3e6ed1a63a35087b6a609aa3a15ed8ac56c221/colorama-0.4.6-py2.py3-none-any.whl", hash = "sha256:4f1d9991f5acc0ca119f9d443620b77f9d6b33703e51011c16baf57afb285fc6", size = 25335, upload-time = "2022-10-25T02:36:20.889Z" },
]

[[package]]
name = "contourpy"
version = "1.3.2"
source = { registry = "https://pypi.org/simple" }
dependencies = [
    { name = "numpy" },
]
sdist = { url = "https://files.pythonhosted.org/packages/66/54/eb9bfc647b19f2009dd5c7f5ec51c4e6ca831725f1aea7a993034f483147/contourpy-1.3.2.tar.gz", hash = "sha256:b6945942715a034c671b7fc54f9588126b0b8bf23db2696e3ca8328f3ff0ab54", size = 13466130, upload-time = "2025-04-15T17:47:53.79Z" }
wheels = [
    { url = "https://files.pythonhosted.org/packages/12/a3/da4153ec8fe25d263aa48c1a4cbde7f49b59af86f0b6f7862788c60da737/contourpy-1.3.2-cp310-cp310-macosx_10_9_x86_64.whl", hash = "sha256:ba38e3f9f330af820c4b27ceb4b9c7feee5fe0493ea53a8720f4792667465934", size = 268551, upload-time = "2025-04-15T17:34:46.581Z" },
    { url = "https://files.pythonhosted.org/packages/2f/6c/330de89ae1087eb622bfca0177d32a7ece50c3ef07b28002de4757d9d875/contourpy-1.3.2-cp310-cp310-macosx_11_0_arm64.whl", hash = "sha256:dc41ba0714aa2968d1f8674ec97504a8f7e334f48eeacebcaa6256213acb0989", size = 253399, upload-time = "2025-04-15T17:34:51.427Z" },
    { url = "https://files.pythonhosted.org/packages/c1/bd/20c6726b1b7f81a8bee5271bed5c165f0a8e1f572578a9d27e2ccb763cb2/contourpy-1.3.2-cp310-cp310-manylinux_2_17_aarch64.manylinux2014_aarch64.whl", hash = "sha256:9be002b31c558d1ddf1b9b415b162c603405414bacd6932d031c5b5a8b757f0d", size = 312061, upload-time = "2025-04-15T17:34:55.961Z" },
    { url = "https://files.pythonhosted.org/packages/22/fc/a9665c88f8a2473f823cf1ec601de9e5375050f1958cbb356cdf06ef1ab6/contourpy-1.3.2-cp310-cp310-manylinux_2_17_ppc64le.manylinux2014_ppc64le.whl", hash = "sha256:8d2e74acbcba3bfdb6d9d8384cdc4f9260cae86ed9beee8bd5f54fee49a430b9", size = 351956, upload-time = "2025-04-15T17:35:00.992Z" },
    { url = "https://files.pythonhosted.org/packages/25/eb/9f0a0238f305ad8fb7ef42481020d6e20cf15e46be99a1fcf939546a177e/contourpy-1.3.2-cp310-cp310-manylinux_2_17_s390x.manylinux2014_s390x.whl", hash = "sha256:e259bced5549ac64410162adc973c5e2fb77f04df4a439d00b478e57a0e65512", size = 320872, upload-time = "2025-04-15T17:35:06.177Z" },
    { url = "https://files.pythonhosted.org/packages/32/5c/1ee32d1c7956923202f00cf8d2a14a62ed7517bdc0ee1e55301227fc273c/contourpy-1.3.2-cp310-cp310-manylinux_2_17_x86_64.manylinux2014_x86_64.whl", hash = "sha256:ad687a04bc802cbe8b9c399c07162a3c35e227e2daccf1668eb1f278cb698631", size = 325027, upload-time = "2025-04-15T17:35:11.244Z" },
    { url = "https://files.pythonhosted.org/packages/83/bf/9baed89785ba743ef329c2b07fd0611d12bfecbedbdd3eeecf929d8d3b52/contourpy-1.3.2-cp310-cp310-musllinux_1_2_aarch64.whl", hash = "sha256:cdd22595308f53ef2f891040ab2b93d79192513ffccbd7fe19be7aa773a5e09f", size = 1306641, upload-time = "2025-04-15T17:35:26.701Z" },
    { url = "https://files.pythonhosted.org/packages/d4/cc/74e5e83d1e35de2d28bd97033426b450bc4fd96e092a1f7a63dc7369b55d/contourpy-1.3.2-cp310-cp310-musllinux_1_2_x86_64.whl", hash = "sha256:b4f54d6a2defe9f257327b0f243612dd051cc43825587520b1bf74a31e2f6ef2", size = 1374075, upload-time = "2025-04-15T17:35:43.204Z" },
    { url = "https://files.pythonhosted.org/packages/0c/42/17f3b798fd5e033b46a16f8d9fcb39f1aba051307f5ebf441bad1ecf78f8/contourpy-1.3.2-cp310-cp310-win32.whl", hash = "sha256:f939a054192ddc596e031e50bb13b657ce318cf13d264f095ce9db7dc6ae81c0", size = 177534, upload-time = "2025-04-15T17:35:46.554Z" },
    { url = "https://files.pythonhosted.org/packages/54/ec/5162b8582f2c994721018d0c9ece9dc6ff769d298a8ac6b6a652c307e7df/contourpy-1.3.2-cp310-cp310-win_amd64.whl", hash = "sha256:c440093bbc8fc21c637c03bafcbef95ccd963bc6e0514ad887932c18ca2a759a", size = 221188, upload-time = "2025-04-15T17:35:50.064Z" },
    { url = "https://files.pythonhosted.org/packages/33/05/b26e3c6ecc05f349ee0013f0bb850a761016d89cec528a98193a48c34033/contourpy-1.3.2-pp310-pypy310_pp73-macosx_10_15_x86_64.whl", hash = "sha256:fd93cc7f3139b6dd7aab2f26a90dde0aa9fc264dbf70f6740d498a70b860b82c", size = 265681, upload-time = "2025-04-15T17:44:59.314Z" },
    { url = "https://files.pythonhosted.org/packages/2b/25/ac07d6ad12affa7d1ffed11b77417d0a6308170f44ff20fa1d5aa6333f03/contourpy-1.3.2-pp310-pypy310_pp73-manylinux_2_17_x86_64.manylinux2014_x86_64.whl", hash = "sha256:107ba8a6a7eec58bb475329e6d3b95deba9440667c4d62b9b6063942b61d7f16", size = 315101, upload-time = "2025-04-15T17:45:04.165Z" },
    { url = "https://files.pythonhosted.org/packages/8f/4d/5bb3192bbe9d3f27e3061a6a8e7733c9120e203cb8515767d30973f71030/contourpy-1.3.2-pp310-pypy310_pp73-win_amd64.whl", hash = "sha256:ded1706ed0c1049224531b81128efbd5084598f18d8a2d9efae833edbd2b40ad", size = 220599, upload-time = "2025-04-15T17:45:08.456Z" },
]

[[package]]
name = "cycler"
version = "0.12.1"
source = { registry = "https://pypi.org/simple" }
sdist = { url = "https://files.pythonhosted.org/packages/a9/95/a3dbbb5028f35eafb79008e7522a75244477d2838f38cbb722248dabc2a8/cycler-0.12.1.tar.gz", hash = "sha256:88bb128f02ba341da8ef447245a9e138fae777f6a23943da4540077d3601eb1c", size = 7615, upload-time = "2023-10-07T05:32:18.335Z" }
wheels = [
    { url = "https://files.pythonhosted.org/packages/e7/05/c19819d5e3d95294a6f5947fb9b9629efb316b96de511b418c53d245aae6/cycler-0.12.1-py3-none-any.whl", hash = "sha256:85cef7cff222d8644161529808465972e51340599459b8ac3ccbac5a854e0d30", size = 8321, upload-time = "2023-10-07T05:32:16.783Z" },
]

[[package]]
name = "exceptiongroup"
version = "1.3.1"
source = { registry = "https://pypi.org/simple" }
dependencies = [
    { name = "typing-extensions" },
]
sdist = { url = "https://files.pythonhosted.org/packages/50/79/66800aadf48771f6b62f7eb014e352e5d06856655206165d775e675a02c9/exceptiongroup-1.3.1.tar.gz", hash = "sha256:8b412432c6055b0b7d14c310000ae93352ed6754f70fa8f7c34141f91c4e3219", size = 30371, upload-time = "2025-11-21T23:01:54.787Z" }
wheels = [
    { url = "https://files.pythonhosted.org/packages/8a/0e/97c33bf5009bdbac74fd2beace167cab3f978feb69cc36f1ef79360d6c4e/exceptiongroup-1.3.1-py3-none-any.whl", hash = "sha256:a7a39a3bd276781e98394987d3a5701d0c4edffb633bb7a5144577f82c773598", size = 16740, upload-time = "2025-11-21T23:01:53.443Z" },
]

[[package]]
name = "fonttools"
version = "4.65.0"
source = { registry = "https://pypi.org/simple" }
sdist = { url = "https://files.pythonhosted.org/packages/77/51/d63c7e52163ac14393a35bd14bd7c0da95f8f74be5d7cc988092f9965129/fonttools-4.65.0.tar.gz", hash = "sha256:762ba5431358d0dbd4a01982484a1d494fb267e91f974cdcf20b80eab8560f6f", size = 3674467, upload-time = "2026-09-10T15:35:54.955Z" }
wheels = [
    { url = "https://files.pythonhosted.org/packages/53/d9/1caaa015dd207da7ccd3feba87289997bd88334ea3e74a367cdc7b0e50a3/fonttools-4.65.0-cp310-cp310-macosx_10_9_universal2.whl", hash = "sha256:93a73af2075036d36d7fbf856779c56a1b3b86ffcdae6abede7596604c42c156", size = 3095449, upload-time = "2026-09-10T15:33:04.814Z" },
    { url = "https://files.pythonhosted.org/packages/20/d6/988cd9b33ae2d92b15a51d73eb77c991f7a0fe90a7bc74526e9669247789/fonttools-4.65.0-cp310-cp310-macosx_10_9_x86_64.whl", hash = "sha256:c130be2232e3caf8d2b476854ea78421ec1642917ff5ab695284bac31bbb072b", size = 2587697, upload-time = "2026-09-10T15:33:07.653Z" },
    { url = "https://files.pythonhosted.org/packages/f8/6a/36f465a1c277131f9569f6a56fe99cf135391b4860b9c4f4b23e5b1cd5df/fonttools-4.65.0-cp310-cp310-manylinux2014_aarch64.manylinux_2_17_aarch64.manylinux_2_28_aarch64.whl", hash = "sha256:e3944e0bdba42effb71959e43d91b599326b02b59c78310d5675e8a75525e7d8", size = 5313308, upload-time = "2026-09-10T15:33:09.975Z" },
    { url = "https://files.pythonhosted.org/packages/ee/56/151b5e81d20c63834f48ad37a0cbbbe2f9b248e38f8d10387f0cf5219244/fonttools-4.65.0-cp310-cp310-manylinux2014_x86_64.manylinux_2_17_x86_64.whl", hash = "sha256:fb53892b570f7f1f0055e75fc4de32673e32f749c4c8a606b63d5c436650e634", size = 5253649, upload-time = "2026-09-10T15:33:12.225Z" },
    { url = "https://files.pythonhosted.org/packages/c8/22/6389215da9d4f98623aacdca9479c1030bbd516cb658e893bc54b61098ce/fonttools-4.65.0-cp310-cp310-musllinux_1_2_aarch64.whl", hash = "sha256:a6c8d184e523580a7c55d21cde37176a3c91cb539cf06c2aa36ffc634fd75296", size = 5277745, upload-time = "2026-09-10T15:33:14.783Z" },
    { url = "https://files.pythonhosted.org/packages/89/e3/c1037a1dfb7c8efe6f2a7d1951ebdde40cbbf82e9c5d796fcb03077e4790/fonttools-4.65.0-cp310-cp310-musllinux_1_2_x86_64.whl", hash = "sha256:e5ceccaf2e57d83b753a2b5db5d94aa0a8071886d4afebd2d520c9683e6bef0e", size = 5413259, upload-time = "2026-09-10T15:33:17.619Z" },
    { url = "https://files.pythonhosted.org/packages/44/b9/7dd72330168d39635c329f23a98279393b1e825e42a6db362e09897aad7b/fonttools-4.65.0-cp310-cp310-win32.whl", hash = "sha256:aff640a4fcb021fa83f9879d5bfa115b6931522dae991a24faa75888bd6aeff6", size = 1577124, upload-time = "2026-09-10T15:33:19.864Z" },
    { url = "https://files.pythonhosted.org/packages/aa/c2/e959385b4626989b25b82b9f4f99e7c3ac68377d6846b376239b6f126966/fonttools-4.65.0-cp310-cp310-win_amd64.whl", hash = "sha256:5c1700a60e4ff23a0425d5a64abf43d092e6b55071354825781faf255904dcb4", size = 1633354, upload-time = "2026-09-10T15:33:21.963Z" },
    { url = "https://files.pythonhosted.org/packages/e6/35/f894ceb867118c0261d0f69a9bd516b045a3754238f76c88a49513ac7a83/fonttools-4.65.0-py3-none-any.whl", hash = "sha256:3060b8c1fc2329fa20265b7c138614143ea7c1624e26c5c180c76aeb74deae6f", size = 1196441, upload-time = "2026-09-10T15:35:52.347Z" },
]

[[package]]
name = "iniconfig"
version = "2.3.0"
source = { registry = "https://pypi.org/simple" }
sdist = { url = "https://files.pythonhosted.org/packages/72/34/14ca021ce8e5dfedc35312d08ba8bf51fdd999c576889fc2c24cb97f4f10/iniconfig-2.3.0.tar.gz", hash = "sha256:c76315c77db068650d49c5b56314774a7804df16fee4402c1f19d6d15d8c4730", size = 20503, upload-time = "2025-10-18T21:55:43.219Z" }
wheels = [
    { url = "https://files.pythonhosted.org/packages/cb/b1/3846dd7f199d53cb17f49cba7e651e9ce294d8497c8c150530ed11865bb8/iniconfig-2.3.0-py3-none-any.whl", hash = "sha256:f631c04d2c48c52b84d0d0549c99ff3859c98df65b3101406327ecc7d53fbf12", size = 7484, upload-time = "2025-10-18T21:55:41.639Z" },
]

[[package]]
name = "kiwisolver"
version = "1.5.1"
source = { registry = "https://pypi.org/simple" }
sdist = { url = "https://files.pythonhosted.org/packages/ba/07/bd78e6a8fae171ea041ef5bba3ed21a003522fa088834b069b1909981f30/kiwisolver-1.5.1.tar.gz", hash = "sha256:f1303ef2eec81262a4b708c3e858afe58d7c75ad91c1c05266eda7673369859a", size = 104395, upload-time = "2026-08-28T10:28:27.153Z" }
wheels = [
    { url = "https://files.pythonhosted.org/packages/23/54/1b8d2bc580414cc75b3a5b3d195981a6facacd8a8d986e589d0a3b51a709/kiwisolver-1.5.1-cp310-cp310-macosx_10_9_universal2.whl", hash = "sha256:1acc7e5b7ef05e9da8bb70cd6c7c4513090213d2e1ad9720f599f0bf6c52aec5", size = 123362, upload-time = "2026-08-28T10:24:43.402Z" },
    { url = "https://files.pythonhosted.org/packages/57/19/92c30f540dcfff86ff625389427c39b53a9aaea16420ddcc09b2ab8d1073/kiwisolver-1.5.1-cp310-cp310-macosx_10_9_x86_64.whl", hash = "sha256:bad20d4c69c851c982a1e3606f4c293edfd5a87885786c50082412240c4b1ffd", size = 66551, upload-time = "2026-08-28T10:24:44.768Z" },
    { url = "https://files.pythonhosted.org/packages/30/ae/30b94088722e7bce8b821cd5ee935a87f80023e7243125f1accf98e39bf7/kiwisolver-1.5.1-cp310-cp310-macosx_11_0_arm64.whl", hash = "sha256:0a4faea5c6db201c6a21391d2ac926ea97acf7dacdbc3c417189e1adb1a00837", size = 64076, upload-time = "2026-08-28T10:24:46.184Z" },
    { url = "https://files.pythonhosted.org/packages/f1/0e/9f394d693be549fa3fab62498c2778294595991047adc3dcf10aa99b91c0/kiwisolver-1.5.1-cp310-cp310-manylinux_2_12_x86_64.manylinux2010_x86_64.whl", hash = "sha256:e05c2f7925f1d88778e53cb44f14e0223204a3bdd09a41664750363acfb1f2ef", size = 1628782, upload-time = "2026-08-28T10:24:47.91Z" },
    { url = "https://files.pythonhosted.org/packages/64/96/26efc04348c0f332b6e6c471dff132bb8b18b2df494a1b65826601674e62/kiwisolver-1.5.1-cp310-cp310-manylinux_2_24_aarch64.manylinux_2_28_aarch64.whl", hash = "sha256:c3a4e41e3096bf1f0f1b76e2ffd6d828d6547f574f702d59bdbef7acfa59db9c", size = 1228112, upload-time = "2026-08-28T10:24:49.503Z" },
    { url = "https://files.pythonhosted.org/packages/5a/ac/df9ddc19ec972cd97b60b262dd2c4be28c6192b5a779cad429c6657ee680/kiwisolver-1.5.1-cp310-cp310-manylinux_2_24_ppc64le.manylinux_2_28_ppc64le.whl", hash = "sha256:f1d56ec54d257d05e0b50f5780d967540cd07beeaf9e5f645b26d50cce79f4d8", size = 1246756, upload-time = "2026-08-28T10:24:51.225Z" },
    { url = "https://files.pythonhosted.org/packages/cf/de/c38a246b8a4f4b293c7291aa650917b05c5549b0d532749bc523296e90c4/kiwisolver-1.5.1-cp310-cp310-manylinux_2_24_s390x.manylinux_2_28_s390x.whl", hash = "sha256:8de6f2a4ce7e7bd27d23dd94abf0ccafe0e0e5cc9c764b0577191f2c25f08f26", size = 1295555, upload-time = "2026-08-28T10:24:52.953Z" },
    { url = "https://files.pythonhosted.org/packages/b6/48/3c95a5232d8b5783050d8c8089b58bf1f57018f9135232d72c5aa6b0c01b/kiwisolver-1.5.1-cp310-cp310-musllinux_1_2_aarch64.whl", hash = "sha256:16895f553ee6620a827d2da56b871f835fb70b9216cca5d188e885caf6e3bd23", size = 2179476, upload-time = "2026-08-28T10:24:54.568Z" },
    { url = "https://files.pythonhosted.org/packages/e6/e9/b9e999336afc561b154e93682f597832bdc7446f2ee18b467c5b0e924867/kiwisolver-1.5.1-cp310-cp310-musllinux_1_2_ppc64le.whl", hash = "sha256:6b92f60017dda7d877fdc546438b5e28f31c523264f49cf5a48c1d0ce1a0dfbc", size = 2275258, upload-time = "2026-08-28T10:24:56.186Z" },
    { url = "https://files.pythonhosted.org/packages/76/cd/c1c550796ada4a59644b8264b425fe332686d2a086c4729fcc640ececdfe/kiwisolver-1.5.1-cp310-cp310-musllinux_1_2_s390x.whl", hash = "sha256:7824b5e8bdbf0bccb4ccd37bbb115849a1dc45437fb4de8351385ed07c437ee0", size = 2443424, upload-time = "2026-08-28T10:24:58.093Z" },
    { url = "https://files.pythonhosted.org/packages/b2/d4/30f641eb8e10f6ad5bb9af8a15ec8eea386162a6ef491e68995b8680ef4e/kiwisolver-1.5.1-cp310-cp310-musllinux_1_2_x86_64.whl", hash = "sha256:aa7d00b1700966d2917e54d278aba86897890ca9276dd8b76cf6446b6c181b92", size = 2249457, upload-time = "2026-08-28T10:25:00.223Z" },
    { url = "https://files.pythonhosted.org/packages/1c/d9/211e016f8aa5b5bf496dd3bd7ebab4b73b22d91f025f25e20156a44a77fc/kiwisolver-1.5.1-cp310-cp310-win_amd64.whl", hash = "sha256:96c30002424670b5e1e46495c2b8cbffef39cf77c1d79e76462029d50339785b", size = 70643, upload-time = "2026-08-28T10:25:01.888Z" },
    { url = "https://files.pythonhosted.org/packages/9e/8e/ae7007266dea1fd93fcc48541042c1f6583958055de3b424a59ec16def25/kiwisolver-1.5.1-cp310-cp310-win_arm64.whl", hash = "sha256:f0f4a42db92d6ec7677ab9d12830a2a8ec145a9c6d15db2b593466bc875c78d7", size = 68215, upload-time = "2026-08-28T10:25:03.136Z" },
    { url = "https://files.pythonhosted.org/packages/ba/f1/8bae9fac0f1837679ed59a5dd7e97e7eb943b738defa7cc0117ea0d107dc/kiwisolver-1.5.1-pp310-pypy310_pp73-macosx_10_15_x86_64.whl", hash = "sha256:a5716a33bfabb2c6ce27b6cf03253467b3804f83e215f4d202685cf93c6c9874", size = 59543, upload-time = "2026-08-28T10:28:13.794Z" },
    { url = "https://files.pythonhosted.org/packages/c3/3e/42e3639d32ef3ac6ede80c39dc1d1df6224927409960d8f762b6cb504efe/kiwisolver-1.5.1-pp310-pypy310_pp73-macosx_11_0_arm64.whl", hash = "sha256:685929988b208a911f1285e2f8ed54210b0d681a3dc0f03e00d599d291986e7e", size = 57504, upload-time = "2026-08-28T10:28:15.074Z" },
    { url = "https://files.pythonhosted.org/packages/e1/12/f4beaaceb740b96c363a8fa6f34dbdf37a58d9e5f15416427d7bf89c552a/kiwisolver-1.5.1-pp310-pypy310_pp73-manylinux2014_x86_64.manylinux_2_17_x86_64.whl", hash = "sha256:e4e49f7e1a4e7191bdf9dc67a974db714501b1fc52c24324103d06a86abd5c08", size = 79885, upload-time = "2026-08-28T10:28:16.345Z" },
    { url = "https://files.pythonhosted.org/packages/02/24/18d8a755acdae79c37ca2f1a925795aab67b9456c30c8569c377ea3abc77/kiwisolver-1.5.1-pp310-pypy310_pp73-manylinux_2_24_aarch64.manylinux_2_28_aarch64.whl", hash = "sha256:f0a887b6565bbfe80efde2b7f6e8890d7d9bbdb11bdb17028a3690c32fe0621f", size = 77582, upload-time = "2026-08-28T10:28:17.719Z" },
    { url = "https://files.pythonhosted.org/packages/df/a9/b86dde4f553ef74db0f9c32398614e24b2e8ec1d29a6ca04ae080d7dd29b/kiwisolver-1.5.1-pp310-pypy310_pp73-win_amd64.whl", hash = "sha256:1983f0974a750a6f6556f368ba11105d1d8369c735b944747c9f12ae5aea7aae", size = 98321, upload-time = "2026-08-28T10:28:19.087Z" },
]

[[package]]
name = "matplotlib"
version = "3.8.0"
source = { registry = "https://pypi.org/simple" }
dependencies = [
    { name = "contourpy" },
    { name = "cycler" },
    { name = "fonttools" },
    { name = "kiwisolver" },
    { name = "numpy" },
    { name = "packaging" },
    { name = "pillow" },
    { name = "pyparsing" },
    { name = "python-dateutil" },
]
sdist = { url = "https://files.pythonhosted.org/packages/23/e1/77016194621fb1356aafeb2186f07b5dede62ea2043bf03f82325c4fccc5/matplotlib-3.8.0.tar.gz", hash = "sha256:df8505e1c19d5c2c26aff3497a7cbd3ccfc2e97043d1e4db3e76afa399164b69", size = 35864435, upload-time = "2023-09-15T04:49:03.641Z" }
wheels = [
    { url = "https://files.pythonhosted.org/packages/30/5b/a6214caaa5adf07b52aecba98fdace32cc51e63a1fcc1f98d60ec128a6c0/matplotlib-3.8.0-cp310-cp310-macosx_10_12_x86_64.whl", hash = "sha256:c4940bad88a932ddc69734274f6fb047207e008389489f2b6f77d9ca485f0e7a", size = 7588019, upload-time = "2023-09-15T04:49:33.849Z" },
    { url = "https://files.pythonhosted.org/packages/98/a7/3883b2bd4e5cff02bdb578eadf09910581220660257183145b6d2253e018/matplotlib-3.8.0-cp310-cp310-macosx_11_0_arm64.whl", hash = "sha256:a33bd3045c7452ca1fa65676d88ba940867880e13e2546abb143035fa9072a9d", size = 7482023, upload-time = "2023-09-15T04:49:41.322Z" },
    { url = "https://files.pythonhosted.org/packages/0e/f8/cfab9b9c66ec82343d9e245e88996c122fcf7581062028c3473467cffcd4/matplotlib-3.8.0-cp310-cp310-manylinux_2_17_aarch64.manylinux2014_aarch64.whl", hash = "sha256:2ea6886e93401c22e534bbfd39201ce8931b75502895cfb115cbdbbe2d31f287", size = 11380956, upload-time = "2023-09-15T04:49:52.285Z" },
    { url = "https://files.pythonhosted.org/packages/b5/24/aaccf324ce862bb82277e8814d2aebbb2a2c160d04e95aa2b8c9dc3137a9/matplotlib-3.8.0-cp310-cp310-manylinux_2_17_x86_64.manylinux2014_x86_64.whl", hash = "sha256:d670b9348e712ec176de225d425f150dc8e37b13010d85233c539b547da0be39", size = 11610560, upload-time = "2023-09-15T04:50:03.119Z" },
    { url = "https://files.pythonhosted.org/packages/1b/ef/aaca9e05c3696903a8ed7ebc57a1a068d54aeae67620fab173a3b6b96b3e/matplotlib-3.8.0-cp310-cp310-musllinux_1_1_x86_64.whl", hash = "sha256:7b37b74f00c4cb6af908cb9a00779d97d294e89fd2145ad43f0cdc23f635760c", size = 9533576, upload-time = "2023-09-15T04:50:14.02Z" },
    { url = "https://files.pythonhosted.org/packages/7a/94/a1615bac6706eb8a58fe08675b80a11b5463ef9591176dd3e57257495774/matplotlib-3.8.0-cp310-cp310-win_amd64.whl", hash = "sha256:0e723f5b96f3cd4aad99103dc93e9e3cdc4f18afdcc76951f4857b46f8e39d2d", size = 7643093, upload-time = "2023-09-15T04:50:21.528Z" },
]

[[package]]
name = "numpy"
version = "1.23.0"
source = { registry = "https://pypi.org/simple" }
sdist = { url = "https://files.pythonhosted.org/packages/03/c6/14a17e10813b8db20d1e800ff9a3a898e65d25f2b0e9d6a94616f1e3362c/numpy-1.23.0.tar.gz", hash = "sha256:bd3fa4fe2e38533d5336e1272fc4e765cabbbde144309ccee8675509d5cd7b05", size = 10714532, upload-time = "2022-06-22T22:26:20.384Z" }
wheels = [
    { url = "https://files.pythonhosted.org/packages/86/65/fe6f20a40d05fc909cab9c3c17f259b03a1fbf87a6b3a7b92ca0376582e8/numpy-1.23.0-cp310-cp310-macosx_10_9_x86_64.whl", hash = "sha256:58bfd40eb478f54ff7a5710dd61c8097e169bc36cc68333d00a9bcd8def53b38", size = 18104449, upload-time = "2022-06-22T22:13:34.426Z" },
    { url = "https://files.pythonhosted.org/packages/e6/aa/323e1cf4f25025c6f67dcf179db754142f92847c9d592599dc01b78de460/numpy-1.23.0-cp310-cp310-macosx_11_0_arm64.whl", hash = "sha256:196cd074c3f97c4121601790955f915187736f9cf458d3ee1f1b46aff2b1ade0", size = 13338216, upload-time = "2022-06-22T22:13:55.015Z" },
    { url = "https://files.pythonhosted.org/packages/85/f9/06e90e66b9c4148ef044329da0a1c8e4f76bbf8f618a8367470f531b6433/numpy-1.23.0-cp310-cp310-manylinux_2_17_aarch64.manylinux2014_aarch64.whl", hash = "sha256:f1d88ef79e0a7fa631bb2c3dda1ea46b32b1fe614e10fedd611d3d5398447f2f", size = 13920917, upload-time = "2022-06-22T22:14:16.077Z" },
    { url = "https://files.pythonhosted.org/packages/7a/88/8404fbe4f6472e4e54106a8faacae1279a244422bc88f5ee3e33ba2dd72b/numpy-1.23.0-cp310-cp310-manylinux_2_17_x86_64.manylinux2014_x86_64.whl", hash = "sha256:d54b3b828d618a19779a84c3ad952e96e2c2311b16384e973e671aa5be1f6187", size = 17033638, upload-time = "2022-06-22T22:14:41.454Z" },
    { url = "https://files.pythonhosted.org/packages/0a/fb/03f410814f9321761f25faa257554671ff77c1a746e4641002ad90972773/numpy-1.23.0-cp310-cp310-win32.whl", hash = "sha256:2b2da66582f3a69c8ce25ed7921dcd8010d05e59ac8d89d126a299be60421171", size = 12187497, upload-time = "2022-06-22T22:15:01.164Z" },
    { url = "https://files.pythonhosted.org/packages/34/1c/1c9ec57f522822e7507fb5cf69b153f857405518d8f50fa4ff94f43385be/numpy-1.23.0-cp310-cp310-win_amd64.whl", hash = "sha256:97a76604d9b0e79f59baeca16593c711fddb44936e40310f78bfef79ee9a835f", size = 14636971, upload-time = "2022-06-22T22:15:23.758Z" },
]

[[package]]
name = "packaging"
version = "26.3"
source = { registry = "https://pypi.org/simple" }
sdist = { url = "https://files.pythonhosted.org/packages/7d/fa/3944b40b07da9ce895c0e6303a5ab7d53da063554f534556b134a54d6093/packaging-26.3.tar.gz", hash = "sha256:94edc256424af38762eb31306eed28beb9f0efc50a8837492c9d6fd6004aed79", size = 313412, upload-time = "2026-08-04T18:15:28.737Z" }
wheels = [
    { url = "https://files.pythonhosted.org/packages/63/34/ba1c580383c9eada3711951fef0795c80b829a078d72188184bcab9dd527/packaging-26.3-py3-none-any.whl", hash = "sha256:d7193f7c8e4e93f444fde0262bf90af30e16fa0ad0ad44cb553c87339b23cd1c", size = 129956, upload-time = "2026-08-04T18:15:27.159Z" },
]

[[package]]
name = "pillow"
version = "12.3.0"
source = { registry = "https://pypi.org/simple" }
sdist = { url = "https://files.pythonhosted.org/packages/1c/3d/bb7fca845737cf9d7dbde16ed1843984665ff2e0a518f5db43e77ec540b9/pillow-12.3.0.tar.gz", hash = "sha256:3b8182a766685eaa002637e28b4ec8d6b18819a0c71f579bf0dbaa5830297cce", size = 47025035, upload-time = "2026-07-01T11:56:38.965Z" }
wheels = [
    { url = "https://files.pythonhosted.org/packages/25/c2/669d88644cddb1485bd9534e63e8cf476c8e51cb3c3a1297677023505c0e/pillow-12.3.0-cp310-cp310-macosx_10_10_x86_64.whl", hash = "sha256:6c0016e7b354317c4e9e525b937ac8596c38d2d232b419529b9cd7a1cd46e39a", size = 5392418, upload-time = "2026-07-01T11:53:27.808Z" },
    { url = "https://files.pythonhosted.org/packages/6b/ba/3762f376a2948e3036488d773a146e0ae6ecc2ca03ac20e2615bd0b2ba02/pillow-12.3.0-cp310-cp310-macosx_11_0_arm64.whl", hash = "sha256:bcc33feacfaefce60c12fd500a277533bdc02b10a19f7f6d348763d8140bbba7", size = 4785287, upload-time = "2026-07-01T11:53:29.761Z" },
    { url = "https://files.pythonhosted.org/packages/07/50/b5d688cc9c52d4482f3d5bcab6ce20bc2a74a85d2343841c907444a3be2c/pillow-12.3.0-cp310-cp310-manylinux_2_27_aarch64.manylinux_2_28_aarch64.whl", hash = "sha256:5594fc43d548a7ed94949d139aa1341b270f1863f11cfd37f5a6c8b778a6b67f", size = 6253754, upload-time = "2026-07-01T11:53:32.298Z" },
    { url = "https://files.pythonhosted.org/packages/4e/89/36f4cd76cf4baf05c50ababb976249153f18c959171c7f6ba09a6f217260/pillow-12.3.0-cp310-cp310-manylinux_2_27_x86_64.manylinux_2_28_x86_64.whl", hash = "sha256:f0606c8bf2cdefea14a43530f7657cbbb7ecf1c4222512492ef4a4434a9501ec", size = 6925605, upload-time = "2026-07-01T11:53:34.487Z" },
    { url = "https://files.pythonhosted.org/packages/eb/c0/4de58cf6633b9e3a6061ef4be6fb91fc3c90b812ece886f531e3c523d777/pillow-12.3.0-cp310-cp310-musllinux_1_2_aarch64.whl", hash = "sha256:85f998ea1848bc6757289e739cfbdda3a04adfd58b02fc018ce54d754a5ce468", size = 6327788, upload-time = "2026-07-01T11:53:36.433Z" },
    { url = "https://files.pythonhosted.org/packages/87/3c/14d53682a19550dbbaf3b598f807d5457646c510805a44c7d7891cd1cd1a/pillow-12.3.0-cp310-cp310-musllinux_1_2_x86_64.whl", hash = "sha256:25b9b82bb22e6e2b3cd07b39c68b7b862001226cb3dff7130d1cb914121b39ed", size = 7036288, upload-time = "2026-07-01T11:53:38.712Z" },
    { url = "https://files.pythonhosted.org/packages/38/1d/36279e3c77efe034e4cc2b0393ee74ffdb5a62391dacbf9b916154f5f0b8/pillow-12.3.0-cp310-cp310-win32.whl", hash = "sha256:37dc8f7bbb66efe481bb60defacef820c950c24713fb44962ed6aa2a50966de1", size = 6472396, upload-time = "2026-07-01T11:53:40.781Z" },
    { url = "https://files.pythonhosted.org/packages/48/7c/8fa0039574c476d7c6fa57dd7c32a130436877c6ec1e5ce1cc8ec44878c1/pillow-12.3.0-cp310-cp310-win_amd64.whl", hash = "sha256:300557495eb45ebb8aec96c2da9c4be642fbf7cd937278b4013ba894ea8eb0eb", size = 7226887, upload-time = "2026-07-01T11:53:42.764Z" },
    { url = "https://files.pythonhosted.org/packages/fa/17/e324be141d173c1c919428066c3259f21c1b8982e564e01a4a81e96dbdcf/pillow-12.3.0-cp310-cp310-win_arm64.whl", hash = "sha256:514435a37670e3e5e08f3945b68718b6ed329bb84367777e16f9f4dfe1e61a0f", size = 2568039, upload-time = "2026-07-01T11:53:45.372Z" },
]

[[package]]
name = "pluggy"
version = "1.6.0"
source = { registry = "https://pypi.org/simple" }
sdist = { url = "https://files.pythonhosted.org/packages/f9/e2/3e91f31a7d2b083fe6ef3fa267035b518369d9511ffab804f839851d2779/pluggy-1.6.0.tar.gz", hash = "sha256:7dcc130b76258d33b90f61b658791dede3486c3e6bfb003ee5c9bfb396dd22f3", size = 69412, upload-time = "2025-05-15T12:30:07.975Z" }
wheels = [
    { url = "https://files.pythonhosted.org/packages/54/20/4d324d65cc6d9205fabedc306948156824eb9f0ee1633355a8f7ec5c66bf/pluggy-1.6.0-py3-none-any.whl", hash = "sha256:e920276dd6813095e9377c0bc5566d94c932c33b27a3e3945d8389c374dd4746", size = 20538, upload-time = "2025-05-15T12:30:06.134Z" },
]

[[package]]
name = "pygments"
version = "2.21.0"
source = { registry = "https://pypi.org/simple" }
sdist = { url = "https://files.pythonhosted.org/packages/49/2e/ced460408999b33da6b31b0021b0f37d329e202d4169aeb164493778f25b/pygments-2.21.0.tar.gz", hash = "sha256:610ca751c9bc2492b38eb9a38a7fbc93edbbb2d7182edaf34e66ae493dee5c8c", size = 5005329, upload-time = "2026-08-17T08:02:48.824Z" }
wheels = [
    { url = "https://files.pythonhosted.org/packages/71/46/17f022dd3e953bf20a04a028a21ec746d942f8d2af30fa0f124fa0e6a684/pygments-2.21.0-py3-none-any.whl", hash = "sha256:2363c69b61c4a97c838da3b130dcd6468f4848992b21a82f2a63ec34377137d9", size = 1250147, upload-time = "2026-08-17T08:02:44.912Z" },
]

[[package]]
name = "pyparsing"
version = "3.3.2"
source = { registry = "https://pypi.org/simple" }
sdist = { url = "https://files.pythonhosted.org/packages/f3/91/9c6ee907786a473bf81c5f53cf703ba0957b23ab84c264080fb5a450416f/pyparsing-3.3.2.tar.gz", hash = "sha256:c777f4d763f140633dcb6d8a3eda953bf7a214dc4eff598413c070bcdc117cbc", size = 6851574, upload-time = "2026-01-21T03:57:59.36Z" }
wheels = [
    { url = "https://files.pythonhosted.org/packages/10/bd/c038d7cc38edc1aa5bf91ab8068b63d4308c66c4c8bb3cbba7dfbc049f9c/pyparsing-3.3.2-py3-none-any.whl", hash = "sha256:850ba148bd908d7e2411587e247a1e4f0327839c40e2e5e6d05a007ecc69911d", size = 122781, upload-time = "2026-01-21T03:57:55.912Z" },
]

[[package]]
name = "pytest"
version = "9.0.3"
source = { registry = "https://pypi.org/simple" }
dependencies = [
    { name = "colorama", marker = "sys_platform == 'win32'" },
    { name = "exceptiongroup" },
    { name = "iniconfig" },
    { name = "packaging" },
    { name = "pluggy" },
    { name = "pygments" },
    { name = "tomli" },
]
sdist = { url = "https://files.pythonhosted.org/packages/7d/0d/549bd94f1a0a402dc8cf64563a117c0f3765662e2e668477624baeec44d5/pytest-9.0.3.tar.gz", hash = "sha256:b86ada508af81d19edeb213c681b1d48246c1a91d304c6c81a427674c17eb91c", size = 1572165, upload-time = "2026-04-07T17:16:18.027Z" }
wheels = [
    { url = "https://files.pythonhosted.org/packages/d4/24/a372aaf5c9b7208e7112038812994107bc65a84cd00e0354a88c2c77a617/pytest-9.0.3-py3-none-any.whl", hash = "sha256:2c5efc453d45394fdd706ade797c0a81091eccd1d6e4bccfcd476e2b8e0ab5d9", size = 375249, upload-time = "2026-04-07T17:16:16.13Z" },
]

[[package]]
name = "python-dateutil"
version = "2.9.0.post0"
source = { registry = "https://pypi.org/simple" }
dependencies = [
    { name = "six" },
]
sdist = { url = "https://files.pythonhosted.org/packages/66/c0/0c8b6ad9f17a802ee498c46e004a0eb49bc148f2fd230864601a86dcf6db/python-dateutil-2.9.0.post0.tar.gz", hash = "sha256:37dd54208da7e1cd875388217d5e00ebd4179249f90fb72437e91a35459a0ad3", size = 342432, upload-time = "2024-03-01T18:36:20.211Z" }
wheels = [
    { url = "https://files.pythonhosted.org/packages/ec/57/56b9bcc3c9c6a792fcbaf139543cee77261f3651ca9da0c93f5c1221264b/python_dateutil-2.9.0.post0-py2.py3-none-any.whl", hash = "sha256:a8b2bc7bffae282281c8140a97d3aa9c14da0b136dfe83f850eea9a5f7470427", size = 229892, upload-time = "2024-03-01T18:36:18.57Z" },
]

[[package]]
name = "six"
version = "1.17.0"
source = { registry = "https://pypi.org/simple" }
sdist = { url = "https://files.pythonhosted.org/packages/94/e7/b2c673351809dca68a0e064b6af791aa332cf192da575fd474ed7d6f16a2/six-1.17.0.tar.gz", hash = "sha256:ff70335d468e7eb6ec65b95b99d3a2836546063f63acc5171de367e834932a81", size = 34031, upload-time = "2024-12-04T17:35:28.174Z" }
wheels = [
    { url = "https://files.pythonhosted.org/packages/b7/ce/149a00dd41f10bc29e5921b496af8b574d8413afcd5e30dfa0ed46c2cc5e/six-1.17.0-py2.py3-none-any.whl", hash = "sha256:4721f391ed90541fddacab5acf947aa0d3dc7d27b2e1e8eda2be8970586c3274", size = 11050, upload-time = "2024-12-04T17:35:26.475Z" },
]

[[package]]
name = "tomli"
version = "2.4.1"
source = { registry = "https://pypi.org/simple" }
sdist = { url = "https://files.pythonhosted.org/packages/22/de/48c59722572767841493b26183a0d1cc411d54fd759c5607c4590b6563a6/tomli-2.4.1.tar.gz", hash = "sha256:7c7e1a961a0b2f2472c1ac5b69affa0ae1132c39adcb67aba98568702b9cc23f", size = 17543, upload-time = "2026-03-25T20:22:03.828Z" }
wheels = [
    { url = "https://files.pythonhosted.org/packages/7b/61/cceae43728b7de99d9b847560c262873a1f6c98202171fd5ed62640b494b/tomli-2.4.1-py3-none-any.whl", hash = "sha256:0d85819802132122da43cb86656f8d1f8c6587d54ae7dcaf30e90533028b49fe", size = 14583, upload-time = "2026-03-25T20:22:03.012Z" },
]

[[package]]
name = "typing-extensions"
version = "4.16.0"
source = { registry = "https://pypi.org/simple" }
sdist = { url = "https://files.pythonhosted.org/packages/f6/cc/6253133b5bb138fc3306cebfbda2c520f545d36b5be2c7255cc528bb45d6/typing_extensions-4.16.0.tar.gz", hash = "sha256:dc983d19a509c94dba722ee6abd33940f7c05a89e243c47e907eb4db6f1a43e5", size = 113555, upload-time = "2026-07-02T08:40:05.92Z" }
wheels = [
    { url = "https://files.pythonhosted.org/packages/49/d3/b8441a820a491ddfc024b0b0cf0393375b75ea13866d9c66727e54c2fc80/typing_extensions-4.16.0-py3-none-any.whl", hash = "sha256:481caa481374e813c1b176ada14e97f1f67a4539ce9cfeb3f350d78d6370c2e8", size = 45571, upload-time = "2026-07-02T08:40:04.659Z" },
]
